
Microsoft Visual Studio Solution File, Format Version 12.00
# Visual Studio Version 17
VisualStudioVersion = 17.8.34511.84
MinimumVisualStudioVersion = 10.0.40219.1
Project("{FAE04EC0-301F-11D3-BF4B-00C04F79EFBC}") = "bro-code", "bro-code.csproj", "{F1AFA344-A39F-468B-925F-B9172E8F736D}"
EndProject
Global
	GlobalSection(SolutionConfigurationPlatforms) = preSolution
		Debug|Any CPU = Debug|Any CPU
		Release|Any CPU = Release|Any CPU
	EndGlobalSection
	GlobalSection(ProjectConfigurationPlatforms) = postSolution
		{F1AFA344-A39F-468B-925F-B9172E8F736D}.Debug|Any CPU.ActiveCfg = Debug|Any CPU
		{F1AFA344-A39F-468B-925F-B9172E8F736D}.Debug|Any CPU.Build.0 = Debug|Any CPU
		{F1AFA344-A39F-468B-925F-B9172E8F736D}.Release|Any CPU.ActiveCfg = Release|Any CPU
		{F1AFA344-A39F-468B-925F-B9172E8F736D}.Release|Any CPU.Build.0 = Release|Any CPU
	EndGlobalSection
	GlobalSection(SolutionProperties) = preSolution
		HideSolutionNode = FALSE
	EndGlobalSection
	GlobalSection(ExtensibilityGlobals) = postSolution
		SolutionGuid = {C665D5D2-FF3D-430E-8CAC-A3B895C255BE}
	EndGlobalSection
EndGlobal
